// !$*UTF8*$!
{
	archiveVersion = 1;
	classes = {
	};
	objectVersion = 56;
	objects = {

/* Begin PBXBuildFile section */
		2F25F16728FE443A00AFB8AC /* YT_FirebaseRealtimeDatabaseApp.swift in Sources */ = {isa = PBXBuildFile; fileRef = 2F25F16628FE443A00AFB8AC /* YT_FirebaseRealtimeDatabaseApp.swift */; };
		2F25F16928FE443A00AFB8AC /* ContentView.swift in Sources */ = {isa = PBXBuildFile; fileRef = 2F25F16828FE443A00AFB8AC /* ContentView.swift */; };
		2F25F16B28FE443B00AFB8AC /* Assets.xcassets in Resources */ = {isa = PBXBuildFile; fileRef = 2F25F16A28FE443B00AFB8AC /* Assets.xcassets */; };
		2F25F16E28FE443B00AFB8AC /* Preview Assets.xcassets in Resources */ = {isa = PBXBuildFile; fileRef = 2F25F16D28FE443B00AFB8AC /* Preview Assets.xcassets */; };
		2F25F17628FE44AB00AFB8AC /* FirebaseDatabase in Frameworks */ = {isa = PBXBuildFile; productRef = 2F25F17528FE44AB00AFB8AC /* FirebaseDatabase */; };
		2F25F17828FE44AB00AFB8AC /* FirebaseDatabaseSwift in Frameworks */ = {isa = PBXBuildFile; productRef = 2F25F17728FE44AB00AFB8AC /* FirebaseDatabaseSwift */; };
		2F25F17A28FE456B00AFB8AC /* GoogleService-Info.plist in Resources */ = {isa = PBXBuildFile; fileRef = 2F25F17928FE456B00AFB8AC /* GoogleService-Info.plist */; };
		2F25F17D28FE4F6300AFB8AC /* LICENSE in Resources */ = {isa = PBXBuildFile; fileRef = 2F25F17C28FE4F6300AFB8AC /* LICENSE */; };
/* End PBXBuildFile section */

/* Begin PBXFileReference section */
		2F25F16328FE443A00AFB8AC /* YT-FirebaseRealtimeDatabase.app */ = {isa = PBXFileReference; explicitFileType = wrapper.application; includeInIndex = 0; path = "YT-FirebaseRealtimeDatabase.app"; sourceTree = BUILT_PRODUCTS_DIR; };
		2F25F16628FE443A00AFB8AC /* YT_FirebaseRealtimeDatabaseApp.swift */ = {isa = PBXFileReference; lastKnownFileType = sourcecode.swift; path = YT_FirebaseRealtimeDatabaseApp.swift; sourceTree = "<group>"; };
		2F25F16828FE443A00AFB8AC /* ContentView.swift */ = {isa = PBXFileReference; lastKnownFileType = sourcecode.swift; path = ContentView.swift; sourceTree = "<group>"; };
		2F25F16A28FE443B00AFB8AC /* Assets.xcassets */ = {isa = PBXFileReference; lastKnownFileType = folder.assetcatalog; path = Assets.xcassets; sourceTree = "<group>"; };
		2F25F16D28FE443B00AFB8AC /* Preview Assets.xcassets */ = {isa = PBXFileReference; lastKnownFileType = folder.assetcatalog; path = "Preview Assets.xcassets"; sourceTree = "<group>"; };
		2F25F17928FE456B00AFB8AC /* GoogleService-Info.plist */ = {isa = PBXFileReference; fileEncoding = 4; lastKnownFileType = text.plist.xml; path = "GoogleService-Info.plist"; sourceTree = "<group>"; };
		2F25F17B28FE489700AFB8AC /* README.md */ = {isa = PBXFileReference; lastKnownFileType = net.daringfireball.markdown; path = README.md; sourceTree = "<group>"; };
		2F25F17C28FE4F6300AFB8AC /* LICENSE */ = {isa = PBXFileReference; fileEncoding = 4; lastKnownFileType = text; path = LICENSE; sourceTree = "<group>"; };
/* End PBXFileReference section */

/* Begin PBXFrameworksBuildPhase section */
		2F25F16028FE443A00AFB8AC /* Frameworks */ = {
			isa = PBXFrameworksBuildPhase;
			buildActionMask = 2147483647;
			files = (
				2F25F17828FE44AB00AFB8AC /* FirebaseDatabaseSwift in Frameworks */,
				2F25F17628FE44AB00AFB8AC /* FirebaseDatabase in Frameworks */,
			);
			runOnlyForDeploymentPostprocessing = 0;
		};
/* End PBXFrameworksBuildPhase section */

/* Begin PBXGroup section */
		2F25F15A28FE443A00AFB8AC = {
			isa = PBXGroup;
			children = (
				2F25F17C28FE4F6300AFB8AC /* LICENSE */,
				2F25F17B28FE489700AFB8AC /* README.md */,
				2F25F16528FE443A00AFB8AC /* YT-FirebaseRealtimeDatabase */,
				2F25F16428FE443A00AFB8AC /* Products */,
			);
			sourceTree = "<group>";
		};
		2F25F16428FE443A00AFB8AC /* Products */ = {
			isa = PBXGroup;
			children = (
				2F25F16328FE443A00AFB8AC /* YT-FirebaseRealtimeDatabase.app */,
			);
			name = Products;
			sourceTree = "<group>";
		};
		2F25F16528FE443A00AFB8AC /* YT-FirebaseRealtimeDatabase */ = {
			isa = PBXGroup;
			children = (
				2F25F17928FE456B00AFB8AC /* GoogleService-Info.plist */,
				2F25F16628FE443A00AFB8AC /* YT_FirebaseRealtimeDatabaseApp.swift */,
				2F25F16828FE443A00AFB8AC /* ContentView.swift */,
				2F25F16A28FE443B00AFB8AC /* Assets.xcassets */,
				2F25F16C28FE443B00AFB8AC /* Preview Content */,
			);
			path = "YT-FirebaseRealtimeDatabase";
			sourceTree = "<group>";
		};
		2F25F16C28FE443B00AFB8AC /* Preview Content */ = {
			isa = PBXGroup;
			children = (
				2F25F16D28FE443B00AFB8AC /* Preview Assets.xcassets */,
			);
			path = "Preview Content";
			sourceTree = "<group>";
		};
/* End PBXGroup section */

/* Begin PBXNativeTarget section */
		2F25F16228FE443A00AFB8AC /* YT-FirebaseRealtimeDatabase */ = {
			isa = PBXNativeTarget;
			buildConfigurationList = 2F25F17128FE443B00AFB8AC /* Build configuration list for PBXNativeTarget "YT-FirebaseRealtimeDatabase" */;
			buildPhases = (
				2F25F15F28FE443A00AFB8AC /* Sources */,
				2F25F16028FE443A00AFB8AC /* Frameworks */,
				2F25F16128FE443A00AFB8AC /* Resources */,
			);
			buildRules = (
			);
			dependencies = (
			);
			name = "YT-FirebaseRealtimeDatabase";
			packageProductDependencies = (
				2F25F17528FE44AB00AFB8AC /* FirebaseDatabase */,
				2F25F17728FE44AB00AFB8AC /* FirebaseDatabaseSwift */,
			);
			productName = "YT-FirebaseRealtimeDatabase";
			productReference = 2F25F16328FE443A00AFB8AC /* YT-FirebaseRealtimeDatabase.app */;
			productType = "com.apple.product-type.application";
		};
/* End PBXNativeTarget section */

/* Begin PBXProject section */
		2F25F15B28FE443A00AFB8AC /* Project object */ = {
			isa = PBXProject;
			attributes = {
				BuildIndependentTargetsInParallel = 1;
				LastSwiftUpdateCheck = 1400;
				LastUpgradeCheck = 1400;
				TargetAttributes = {
					2F25F16228FE443A00AFB8AC = {
						CreatedOnToolsVersion = 14.0.1;
					};
				};
			};
			buildConfigurationList = 2F25F15E28FE443A00AFB8AC /* Build configuration list for PBXProject "YT-FirebaseRealtimeDatabase" */;
			compatibilityVersion = "Xcode 14.0";
			developmentRegion = en;
			hasScannedForEncodings = 0;
			knownRegions = (
				en,
				Base,
			);
			mainGroup = 2F25F15A28FE443A00AFB8AC;
			packageReferences = (
				2F25F17428FE44AB00AFB8AC /* XCRemoteSwiftPackageReference "firebase-ios-sdk" */,
			);
			productRefGroup = 2F25F16428FE443A00AFB8AC /* Products */;
			projectDirPath = "";
			projectRoot = "";
			targets = (
				2F25F16228FE443A00AFB8AC /* YT-FirebaseRealtimeDatabase */,
			);
		};
/* End PBXProject section */

/* Begin PBXResourcesBuildPhase section */
		2F25F16128FE443A00AFB8AC /* Resources */ = {
			isa = PBXResourcesBuildPhase;
			buildActionMask = 2147483647;
			files = (
				2F25F16E28FE443B00AFB8AC /* Preview Assets.xcassets in Resources */,
				2F25F16B28FE443B00AFB8AC /* Assets.xcassets in Resources */,
				2F25F17D28FE4F6300AFB8AC /* LICENSE in Resources */,
				2F25F17A28FE456B00AFB8AC /* GoogleService-Info.plist in Resources */,
			);
			runOnlyForDeploymentPostprocessing = 0;
		};
/* End PBXResourcesBuildPhase section */

/* Begin PBXSourcesBuildPhase section */
		2F25F15F28FE443A00AFB8AC /* Sources */ = {
			isa = PBXSourcesBuildPhase;
			buildActionMask = 2147483647;
			files = (
				2F25F16928FE443A00AFB8AC /* ContentView.swift in Sources */,
				2F25F16728FE443A00AFB8AC /* YT_FirebaseRealtimeDatabaseApp.swift in Sources */,
			);
			runOnlyForDeploymentPostprocessing = 0;
		};
/* End PBXSourcesBuildPhase section */

/* Begin XCBuildConfiguration section */
		2F25F16F28FE443B00AFB8AC /* Debug */ = {
			isa = XCBuildConfiguration;
			buildSettings = {
				ALWAYS_SEARCH_USER_PATHS = NO;
				CLANG_ANALYZER_NONNULL = YES;
				CLANG_ANALYZER_NUMBER_OBJECT_CONVERSION = YES_AGGRESSIVE;
				CLANG_CXX_LANGUAGE_STANDARD = "gnu++20";
				CLANG_ENABLE_MODULES = YES;
				CLANG_ENABLE_OBJC_ARC = YES;
				CLANG_ENABLE_OBJC_WEAK = YES;
				CLANG_WARN_BLOCK_CAPTURE_AUTORELEASING = YES;
				CLANG_WARN_BOOL_CONVERSION = YES;
				CLANG_WARN_COMMA = YES;
				CLANG_WARN_CONSTANT_CONVERSION = YES;
				CLANG_WARN_DEPRECATED_OBJC_IMPLEMENTATIONS = YES;
				CLANG_WARN_DIRECT_OBJC_ISA_USAGE = YES_ERROR;
				CLANG_WARN_DOCUMENTATION_COMMENTS = YES;
				CLANG_WARN_EMPTY_BODY = YES;
				CLANG_WARN_ENUM_CONVERSION = YES;
				CLANG_WARN_INFINITE_RECURSION = YES;
				CLANG_WARN_INT_CONVERSION = YES;
				CLANG_WARN_NON_LITERAL_NULL_CONVERSION = YES;
				CLANG_WARN_OBJC_IMPLICIT_RETAIN_SELF = YES;
				CLANG_WARN_OBJC_LITERAL_CONVERSION = YES;
				CLANG_WARN_OBJC_ROOT_CLASS = YES_ERROR;
				CLANG_WARN_QUOTED_INCLUDE_IN_FRAMEWORK_HEADER = YES;
				CLANG_WARN_RANGE_LOOP_ANALYSIS = YES;
				CLANG_WARN_STRICT_PROTOTYPES = YES;
				CLANG_WARN_SUSPICIOUS_MOVE = YES;
				CLANG_WARN_UNGUARDED_AVAILABILITY = YES_AGGRESSIVE;
				CLANG_WARN_UNREACHABLE_CODE = YES;
				CLANG_WARN__DUPLICATE_METHOD_MATCH = YES;
				COPY_PHASE_STRIP = NO;
				DEBUG_INFORMATION_FORMAT = dwarf;
				ENABLE_STRICT_OBJC_MSGSEND = YES;
				ENABLE_TESTABILITY = YES;
				GCC_C_LANGUAGE_STANDARD = gnu11;
				GCC_DYNAMIC_NO_PIC = NO;
				GCC_NO_COMMON_BLOCKS = YES;
				GCC_OPTIMIZATION_LEVEL = 0;
				GCC_PREPROCESSOR_DEFINITIONS = (
					"DEBUG=1",
					"$(inherited)",
				);
				GCC_WARN_64_TO_32_BIT_CONVERSION = YES;
				GCC_WARN_ABOUT_RETURN_TYPE = YES_ERROR;
				GCC_WARN_UNDECLARED_SELECTOR = YES;
				GCC_WARN_UNINITIALIZED_AUTOS = YES_AGGRESSIVE;
				GCC_WARN_UNUSED_FUNCTION = YES;
				GCC_WARN_UNUSED_VARIABLE = YES;
				IPHONEOS_DEPLOYMENT_TARGET = 16.0;
				MTL_ENABLE_DEBUG_INFO = INCLUDE_SOURCE;
				MTL_FAST_MATH = YES;
				ONLY_ACTIVE_ARCH = YES;
				SDKROOT = iphoneos;
				SWIFT_ACTIVE_COMPILATION_CONDITIONS = DEBUG;
				SWIFT_OPTIMIZATION_LEVEL = "-Onone";
			};
			name = Debug;
		};
		2F25F17028FE443B00AFB8AC /* Release */ = {
			isa = XCBuildConfiguration;
			buildSettings = {
				ALWAYS_SEARCH_USER_PATHS = NO;
				CLANG_ANALYZER_NONNULL = YES;
				CLANG_ANALYZER_NUMBER_OBJECT_CONVERSION = YES_AGGRESSIVE;
				CLANG_CXX_LANGUAGE_STANDARD = "gnu++20";
				CLANG_ENABLE_MODULES = YES;
				CLANG_ENABLE_OBJC_ARC = YES;
				CLANG_ENABLE_OBJC_WEAK = YES;
				CLANG_WARN_BLOCK_CAPTURE_AUTORELEASING = YES;
				CLANG_WARN_BOOL_CONVERSION = YES;
				CLANG_WARN_COMMA = YES;
				CLANG_WARN_CONSTANT_CONVERSION = YES;
				CLANG_WARN_DEPRECATED_OBJC_IMPLEMENTATIONS = YES;
				CLANG_WARN_DIRECT_OBJC_ISA_USAGE = YES_ERROR;
				CLANG_WARN_DOCUMENTATION_COMMENTS = YES;
				CLANG_WARN_EMPTY_BODY = YES;
				CLANG_WARN_ENUM_CONVERSION = YES;
				CLANG_WARN_INFINITE_RECURSION = YES;
				CLANG_WARN_INT_CONVERSION = YES;
				CLANG_WARN_NON_LITERAL_NULL_CONVERSION = YES;
				CLANG_WARN_OBJC_IMPLICIT_RETAIN_SELF = YES;
				CLANG_WARN_OBJC_LITERAL_CONVERSION = YES;
				CLANG_WARN_OBJC_ROOT_CLASS = YES_ERROR;
				CLANG_WARN_QUOTED_INCLUDE_IN_FRAMEWORK_HEADER = YES;
				CLANG_WARN_RANGE_LOOP_ANALYSIS = YES;
				CLANG_WARN_STRICT_PROTOTYPES = YES;
				CLANG_WARN_SUSPICIOUS_MOVE = YES;
				CLANG_WARN_UNGUARDED_AVAILABILITY = YES_AGGRESSIVE;
				CLANG_WARN_UNREACHABLE_CODE = YES;
				CLANG_WARN__DUPLICATE_METHOD_MATCH = YES;
				COPY_PHASE_STRIP = NO;
				DEBUG_INFORMATION_FORMAT = "dwarf-with-dsym";
				ENABLE_NS_ASSERTIONS = NO;
				ENABLE_STRICT_OBJC_MSGSEND = YES;
				GCC_C_LANGUAGE_STANDARD = gnu11;
				GCC_NO_COMMON_BLOCKS = YES;
				GCC_WARN_64_TO_32_BIT_CONVERSION = YES;
				GCC_WARN_ABOUT_RETURN_TYPE = YES_ERROR;
				GCC_WARN_UNDECLARED_SELECTOR = YES;
				GCC_WARN_UNINITIALIZED_AUTOS = YES_AGGRESSIVE;
				GCC_WARN_UNUSED_FUNCTION = YES;
				GCC_WARN_UNUSED_VARIABLE = YES;
				IPHONEOS_DEPLOYMENT_TARGET = 16.0;
				MTL_ENABLE_DEBUG_INFO = NO;
				MTL_FAST_MATH = YES;
				SDKROOT = iphoneos;
				SWIFT_COMPILATION_MODE = wholemodule;
				SWIFT_OPTIMIZATION_LEVEL = "-O";
				VALIDATE_PRODUCT = YES;
			};
			name = Release;
		};
		2F25F17228FE443B00AFB8AC /* Debug */ = {
			isa = XCBuildConfiguration;
			buildSettings = {
				ASSETCATALOG_COMPILER_APPICON_NAME = AppIcon;
				ASSETCATALOG_COMPILER_GLOBAL_ACCENT_COLOR_NAME = AccentColor;
				CODE_SIGN_STYLE = Automatic;
				CURRENT_PROJECT_VERSION = 1;
				DEVELOPMENT_ASSET_PATHS = "\"YT-FirebaseRealtimeDatabase/Preview Content\"";
				DEVELOPMENT_TEAM = 4BP826FJGX;
				ENABLE_PREVIEWS = YES;
				GENERATE_INFOPLIST_FILE = YES;
				INFOPLIST_KEY_UIApplicationSceneManifest_Generation = YES;
				INFOPLIST_KEY_UIApplicationSupportsIndirectInputEvents = YES;
				INFOPLIST_KEY_UILaunchScreen_Generation = YES;
				INFOPLIST_KEY_UISupportedInterfaceOrientations_iPad = "UIInterfaceOrientationPortrait UIInterfaceOrientationPortraitUpsideDown UIInterfaceOrientationLandscapeLeft UIInterfaceOrientationLandscapeRight";
				INFOPLIST_KEY_UISupportedInterfaceOrientations_iPhone = "UIInterfaceOrientationPortrait UIInterfaceOrientationLandscapeLeft UIInterfaceOrientationLandscapeRight";
				LD_RUNPATH_SEARCH_PATHS = (
					"$(inherited)",
					"@executable_path/Frameworks",
				);
				MARKETING_VERSION = 1.0;
				PRODUCT_BUNDLE_IDENTIFIER = "dev.neurothrone.YT-FirebaseRealtimeDatabase";
				PRODUCT_NAME = "$(TARGET_NAME)";
				SWIFT_EMIT_LOC_STRINGS = YES;
				SWIFT_VERSION = 5.0;
				TARGETED_DEVICE_FAMILY = "1,2";
			};
			name = Debug;
		};
		2F25F17328FE443B00AFB8AC /* Release */ = {
			isa = XCBuildConfiguration;
			buildSettings = {
				ASSETCATALOG_COMPILER_APPICON_NAME = AppIcon;
				ASSETCATALOG_COMPILER_GLOBAL_ACCENT_COLOR_NAME = AccentColor;
				CODE_SIGN_STYLE = Automatic;
				CURRENT_PROJECT_VERSION = 1;
				DEVELOPMENT_ASSET_PATHS = "\"YT-FirebaseRealtimeDatabase/Preview Content\"";
				DEVELOPMENT_TEAM = 4BP826FJGX;
				ENABLE_PREVIEWS = YES;
				GENERATE_INFOPLIST_FILE = YES;
				INFOPLIST_KEY_UIApplicationSceneManifest_Generation = YES;
				INFOPLIST_KEY_UIApplicationSupportsIndirectInputEvents = YES;
				INFOPLIST_KEY_UILaunchScreen_Generation = YES;
				INFOPLIST_KEY_UISupportedInterfaceOrientations_iPad = "UIInterfaceOrientationPortrait UIInterfaceOrientationPortraitUpsideDown UIInterfaceOrientationLandscapeLeft UIInterfaceOrientationLandscapeRight";
				INFOPLIST_KEY_UISupportedInterfaceOrientations_iPhone = "UIInterfaceOrientationPortrait UIInterfaceOrientationLandscapeLeft UIInterfaceOrientationLandscapeRight";
				LD_RUNPATH_SEARCH_PATHS = (
					"$(inherited)",
					"@executable_path/Frameworks",
				);
				MARKETING_VERSION = 1.0;
				PRODUCT_BUNDLE_IDENTIFIER = "dev.neurothrone.YT-FirebaseRealtimeDatabase";
				PRODUCT_NAME = "$(TARGET_NAME)";
				SWIFT_EMIT_LOC_STRINGS = YES;
				SWIFT_VERSION = 5.0;
				TARGETED_DEVICE_FAMILY = "1,2";
			};
			name = Release;
		};
/* End XCBuildConfiguration section */

/* Begin XCConfigurationList section */
		2F25F15E28FE443A00AFB8AC /* Build configuration list for PBXProject "YT-FirebaseRealtimeDatabase" */ = {
			isa = XCConfigurationList;
			buildConfigurations = (
				2F25F16F28FE443B00AFB8AC /* Debug */,
				2F25F17028FE443B00AFB8AC /* Release */,
			);
			defaultConfigurationIsVisible = 0;
			defaultConfigurationName = Release;
		};
		2F25F17128FE443B00AFB8AC /* Build configuration list for PBXNativeTarget "YT-FirebaseRealtimeDatabase" */ = {
			isa = XCConfigurationList;
			buildConfigurations = (
				2F25F17228FE443B00AFB8AC /* Debug */,
				2F25F17328FE443B00AFB8AC /* Release */,
			);
			defaultConfigurationIsVisible = 0;
			defaultConfigurationName = Release;
		};
/* End XCConfigurationList section */

/* Begin XCRemoteSwiftPackageReference section */
		2F25F17428FE44AB00AFB8AC /* XCRemoteSwiftPackageReference "firebase-ios-sdk" */ = {
			isa = XCRemoteSwiftPackageReference;
			repositoryURL = "https://github.com/firebase/firebase-ios-sdk";
			requirement = {
				branch = master;
				kind = branch;
			};
		};
/* End XCRemoteSwiftPackageReference section */

/* Begin XCSwiftPackageProductDependency section */
		2F25F17528FE44AB00AFB8AC /* FirebaseDatabase */ = {
			isa = XCSwiftPackageProductDependency;
			package = 2F25F17428FE44AB00AFB8AC /* XCRemoteSwiftPackageReference "firebase-ios-sdk" */;
			productName = FirebaseDatabase;
		};
		2F25F17728FE44AB00AFB8AC /* FirebaseDatabaseSwift */ = {
			isa = XCSwiftPackageProductDependency;
			package = 2F25F17428FE44AB00AFB8AC /* XCRemoteSwiftPackageReference "firebase-ios-sdk" */;
			productName = FirebaseDatabaseSwift;
		};
/* End XCSwiftPackageProductDependency section */
	};
	rootObject = 2F25F15B28FE443A00AFB8AC /* Project object */;
}
